
Microsoft Visual Studio Solution File, Format Version 12.00
# Visual Studio Version 17
VisualStudioVersion = 17.9.34728.123
MinimumVisualStudioVersion = 10.0.40219.1
Project("{6EC3EE1D-3C4E-46DD-8F32-0CC8E7565705}") = "AdventOfCode2024-Day01", "AdventOfCode2024-Day01\AdventOfCode2024-Day01.fsproj", "{B6D2ADE6-2BBE-4E8E-9DF6-0EEE1F8B1360}"
EndProject
Project("{6EC3EE1D-3C4E-46DD-8F32-0CC8E7565705}") = "AdventOfCode-Utils", "AdventOfCode-Utils\AdventOfCode-Utils.fsproj", "{D43850C5-A6DE-44D5-9141-080B9939F3A7}"
EndProject
Project("{F2A71F9B-5D33-465A-A702-920D77279786}") = "AdventOfCode2024-Day02", "AdventOfCode2024-Day02\AdventOfCode2024-Day02.fsproj", "{A8FDB218-EE43-4071-9CD9-509D29B9C7BE}"
EndProject
Project("{F2A71F9B-5D33-465A-A702-920D77279786}") = "AdventOfCode2024-Day03", "AdventOfCode2024-Day03\AdventOfCode2024-Day03.fsproj", "{39F8F74F-A977-4FBE-B9EE-0D88D0871AFB}"
EndProject
Project("{F2A71F9B-5D33-465A-A702-920D77279786}") = "AdventOfCode2024-Day04", "AdventOfCode2024-Day04\AdventOfCode2024-Day04.fsproj", "{F643C420-2893-43F5-9FBF-AF814018E507}"
EndProject
Project("{F2A71F9B-5D33-465A-A702-920D77279786}") = "AdventOfCode2024-Day05", "AdventOfCode2024-Day05\AdventOfCode2024-Day05.fsproj", "{9942BACC-83D6-4833-94B0-4E3B58F5FCFA}"
EndProject
Project("{F2A71F9B-5D33-465A-A702-920D77279786}") = "AdventOfCode2024-Day06", "AdventOfCode2024-Day06\AdventOfCode2024-Day06.fsproj", "{BD20B423-466D-4B58-85B4-83F2524BA7EF}"
EndProject
Project("{F2A71F9B-5D33-465A-A702-920D77279786}") = "AdventOfCode2024-Day07", "AdventOfCode2024-Day07\AdventOfCode2024-Day07.fsproj", "{350BB746-5511-44B9-B2FF-E953B6E257F6}"
EndProject
Project("{F2A71F9B-5D33-465A-A702-920D77279786}") = "AdventOfCode2024-Day08", "AdventOfCode2024-Day08\AdventOfCode2024-Day08.fsproj", "{56222A01-002E-4E70-AAE3-2B6B77B95AAF}"
EndProject
Global
	GlobalSection(SolutionConfigurationPlatforms) = preSolution
		Debug|Any CPU = Debug|Any CPU
		Release|Any CPU = Release|Any CPU
	EndGlobalSection
	GlobalSection(ProjectConfigurationPlatforms) = postSolution
		{B6D2ADE6-2BBE-4E8E-9DF6-0EEE1F8B1360}.Debug|Any CPU.ActiveCfg = Debug|Any CPU
		{B6D2ADE6-2BBE-4E8E-9DF6-0EEE1F8B1360}.Debug|Any CPU.Build.0 = Debug|Any CPU
		{B6D2ADE6-2BBE-4E8E-9DF6-0EEE1F8B1360}.Release|Any CPU.ActiveCfg = Release|Any CPU
		{B6D2ADE6-2BBE-4E8E-9DF6-0EEE1F8B1360}.Release|Any CPU.Build.0 = Release|Any CPU
		{D43850C5-A6DE-44D5-9141-080B9939F3A7}.Debug|Any CPU.ActiveCfg = Debug|Any CPU
		{D43850C5-A6DE-44D5-9141-080B9939F3A7}.Debug|Any CPU.Build.0 = Debug|Any CPU
		{D43850C5-A6DE-44D5-9141-080B9939F3A7}.Release|Any CPU.ActiveCfg = Release|Any CPU
		{D43850C5-A6DE-44D5-9141-080B9939F3A7}.Release|Any CPU.Build.0 = Release|Any CPU
		{A8FDB218-EE43-4071-9CD9-509D29B9C7BE}.Debug|Any CPU.ActiveCfg = Debug|Any CPU
		{A8FDB218-EE43-4071-9CD9-509D29B9C7BE}.Debug|Any CPU.Build.0 = Debug|Any CPU
		{A8FDB218-EE43-4071-9CD9-509D29B9C7BE}.Release|Any CPU.ActiveCfg = Release|Any CPU
		{A8FDB218-EE43-4071-9CD9-509D29B9C7BE}.Release|Any CPU.Build.0 = Release|Any CPU
		{39F8F74F-A977-4FBE-B9EE-0D88D0871AFB}.Debug|Any CPU.ActiveCfg = Debug|Any CPU
		{39F8F74F-A977-4FBE-B9EE-0D88D0871AFB}.Debug|Any CPU.Build.0 = Debug|Any CPU
		{39F8F74F-A977-4FBE-B9EE-0D88D0871AFB}.Release|Any CPU.ActiveCfg = Release|Any CPU
		{39F8F74F-A977-4FBE-B9EE-0D88D0871AFB}.Release|Any CPU.Build.0 = Release|Any CPU
		{F643C420-2893-43F5-9FBF-AF814018E507}.Debug|Any CPU.ActiveCfg = Debug|Any CPU
		{F643C420-2893-43F5-9FBF-AF814018E507}.Debug|Any CPU.Build.0 = Debug|Any CPU
		{F643C420-2893-43F5-9FBF-AF814018E507}.Release|Any CPU.ActiveCfg = Release|Any CPU
		{F643C420-2893-43F5-9FBF-AF814018E507}.Release|Any CPU.Build.0 = Release|Any CPU
		{9942BACC-83D6-4833-94B0-4E3B58F5FCFA}.Debug|Any CPU.ActiveCfg = Debug|Any CPU
		{9942BACC-83D6-4833-94B0-4E3B58F5FCFA}.Debug|Any CPU.Build.0 = Debug|Any CPU
		{9942BACC-83D6-4833-94B0-4E3B58F5FCFA}.Release|Any CPU.ActiveCfg = Release|Any CPU
		{9942BACC-83D6-4833-94B0-4E3B58F5FCFA}.Release|Any CPU.Build.0 = Release|Any CPU
		{BD20B423-466D-4B58-85B4-83F2524BA7EF}.Debug|Any CPU.ActiveCfg = Debug|Any CPU
		{BD20B423-466D-4B58-85B4-83F2524BA7EF}.Debug|Any CPU.Build.0 = Debug|Any CPU
		{BD20B423-466D-4B58-85B4-83F2524BA7EF}.Release|Any CPU.ActiveCfg = Release|Any CPU
		{BD20B423-466D-4B58-85B4-83F2524BA7EF}.Release|Any CPU.Build.0 = Release|Any CPU
		{350BB746-5511-44B9-B2FF-E953B6E257F6}.Debug|Any CPU.ActiveCfg = Debug|Any CPU
		{350BB746-5511-44B9-B2FF-E953B6E257F6}.Debug|Any CPU.Build.0 = Debug|Any CPU
		{350BB746-5511-44B9-B2FF-E953B6E257F6}.Release|Any CPU.ActiveCfg = Release|Any CPU
		{350BB746-5511-44B9-B2FF-E953B6E257F6}.Release|Any CPU.Build.0 = Release|Any CPU
		{56222A01-002E-4E70-AAE3-2B6B77B95AAF}.Debug|Any CPU.ActiveCfg = Debug|Any CPU
		{56222A01-002E-4E70-AAE3-2B6B77B95AAF}.Debug|Any CPU.Build.0 = Debug|Any CPU
		{56222A01-002E-4E70-AAE3-2B6B77B95AAF}.Release|Any CPU.ActiveCfg = Release|Any CPU
		{56222A01-002E-4E70-AAE3-2B6B77B95AAF}.Release|Any CPU.Build.0 = Release|Any CPU
	EndGlobalSection
	GlobalSection(SolutionProperties) = preSolution
		HideSolutionNode = FALSE
	EndGlobalSection
	GlobalSection(ExtensibilityGlobals) = postSolution
		SolutionGuid = {41D5887F-B145-4B4F-8F05-A48948417F5A}
	EndGlobalSection
EndGlobal
